{
  "object": {
    "pins": [
      {
        "package": "Charts",
        "repositoryURL": "https://github.com/danielgindi/Charts.git",
        "state": {
          "branch": null,
          "revision": "7ac4a05e83d279bac305a472af9128c2a0eca3d7",
          "version": "3.5.0"
        }
      },
      {
        "package": "CoreStore",
        "repositoryURL": "https://github.com/JohnEstropia/CoreStore.git",
        "state": {
          "branch": null,
          "revision": "e7205048559e839f4b428f732bde6c056a572fb1",
          "version": "7.2.0"
        }
      },
      {
        "package": "HGCircularSlider",
        "repositoryURL": "https://github.com/HamzaGhazouani/HGCircularSlider.git",
        "state": {
          "branch": null,
          "revision": "2b98462d32bf7211851aa73537dbaba5dd80229e",
          "version": "2.2.1"
        }
      },
      {
        "package": "Localize_Swift",
        "repositoryURL": "https://github.com/marmelroy/Localize-Swift.git",
        "state": {
          "branch": null,
          "revision": "f2d0c6d790b8af64ae54377ad93494e8d3e46b17",
          "version": "3.1.0"
        }
      },
      {
        "package": "SnapKit",
        "repositoryURL": "https://github.com/SnapKit/SnapKit.git",
        "state": {
          "branch": null,
          "revision": "d458564516e5676af9c70b4f4b2a9178294f1bc6",
          "version": "5.0.1"
        }
      }
    ]
  },
  "version": 1
}
